
Microsoft Visual Studio Solution File, Format Version 12.00
# Visual Studio 15
VisualStudioVersion = 15.0.26430.4
MinimumVisualStudioVersion = 10.0.40219.1
Project("{FAE04EC0-301F-11D3-BF4B-00C04F79EFBC}") = "Feels", "Feels\Feels.csproj", "{850158AA-848E-43D5-9730-F5F845599F03}"
EndProject
Project("{FAE04EC0-301F-11D3-BF4B-00C04F79EFBC}") = "Tasks", "Tasks\Tasks.csproj", "{CA176302-7EB3-413F-AF83-2BF41A1E2F73}"
EndProject
Global
	GlobalSection(SolutionConfigurationPlatforms) = preSolution
		Debug|Any CPU = Debug|Any CPU
		Debug|ARM = Debug|ARM
		Debug|x64 = Debug|x64
		Debug|x86 = Debug|x86
		Release|Any CPU = Release|Any CPU
		Release|ARM = Release|ARM
		Release|x64 = Release|x64
		Release|x86 = Release|x86
	EndGlobalSection
	GlobalSection(ProjectConfigurationPlatforms) = postSolution
		{850158AA-848E-43D5-9730-F5F845599F03}.Debug|Any CPU.ActiveCfg = Debug|x86
		{850158AA-848E-43D5-9730-F5F845599F03}.Debug|ARM.ActiveCfg = Debug|ARM
		{850158AA-848E-43D5-9730-F5F845599F03}.Debug|ARM.Build.0 = Debug|ARM
		{850158AA-848E-43D5-9730-F5F845599F03}.Debug|ARM.Deploy.0 = Debug|ARM
		{850158AA-848E-43D5-9730-F5F845599F03}.Debug|x64.ActiveCfg = Debug|x64
		{850158AA-848E-43D5-9730-F5F845599F03}.Debug|x64.Build.0 = Debug|x64
		{850158AA-848E-43D5-9730-F5F845599F03}.Debug|x64.Deploy.0 = Debug|x64
		{850158AA-848E-43D5-9730-F5F845599F03}.Debug|x86.ActiveCfg = Debug|x86
		{850158AA-848E-43D5-9730-F5F845599F03}.Debug|x86.Build.0 = Debug|x86
		{850158AA-848E-43D5-9730-F5F845599F03}.Debug|x86.Deploy.0 = Debug|x86
		{850158AA-848E-43D5-9730-F5F845599F03}.Release|Any CPU.ActiveCfg = Release|x86
		{850158AA-848E-43D5-9730-F5F845599F03}.Release|ARM.ActiveCfg = Release|ARM
		{850158AA-848E-43D5-9730-F5F845599F03}.Release|ARM.Build.0 = Release|ARM
		{850158AA-848E-43D5-9730-F5F845599F03}.Release|ARM.Deploy.0 = Release|ARM
		{850158AA-848E-43D5-9730-F5F845599F03}.Release|x64.ActiveCfg = Release|x64
		{850158AA-848E-43D5-9730-F5F845599F03}.Release|x64.Build.0 = Release|x64
		{850158AA-848E-43D5-9730-F5F845599F03}.Release|x64.Deploy.0 = Release|x64
		{850158AA-848E-43D5-9730-F5F845599F03}.Release|x86.ActiveCfg = Release|x86
		{850158AA-848E-43D5-9730-F5F845599F03}.Release|x86.Build.0 = Release|x86
		{850158AA-848E-43D5-9730-F5F845599F03}.Release|x86.Deploy.0 = Release|x86
		{CA176302-7EB3-413F-AF83-2BF41A1E2F73}.Debug|Any CPU.ActiveCfg = Debug|Any CPU
		{CA176302-7EB3-413F-AF83-2BF41A1E2F73}.Debug|Any CPU.Build.0 = Debug|Any CPU
		{CA176302-7EB3-413F-AF83-2BF41A1E2F73}.Debug|ARM.ActiveCfg = Debug|ARM
		{CA176302-7EB3-413F-AF83-2BF41A1E2F73}.Debug|ARM.Build.0 = Debug|ARM
		{CA176302-7EB3-413F-AF83-2BF41A1E2F73}.Debug|x64.ActiveCfg = Debug|x64
		{CA176302-7EB3-413F-AF83-2BF41A1E2F73}.Debug|x64.Build.0 = Debug|x64
		{CA176302-7EB3-413F-AF83-2BF41A1E2F73}.Debug|x86.ActiveCfg = Debug|x86
		{CA176302-7EB3-413F-AF83-2BF41A1E2F73}.Debug|x86.Build.0 = Debug|x86
		{CA176302-7EB3-413F-AF83-2BF41A1E2F73}.Release|Any CPU.ActiveCfg = Release|Any CPU
		{CA176302-7EB3-413F-AF83-2BF41A1E2F73}.Release|Any CPU.Build.0 = Release|Any CPU
		{CA176302-7EB3-413F-AF83-2BF41A1E2F73}.Release|ARM.ActiveCfg = Release|ARM
		{CA176302-7EB3-413F-AF83-2BF41A1E2F73}.Release|ARM.Build.0 = Release|ARM
		{CA176302-7EB3-413F-AF83-2BF41A1E2F73}.Release|x64.ActiveCfg = Release|x64
		{CA176302-7EB3-413F-AF83-2BF41A1E2F73}.Release|x64.Build.0 = Release|x64
		{CA176302-7EB3-413F-AF83-2BF41A1E2F73}.Release|x86.ActiveCfg = Release|x86
		{CA176302-7EB3-413F-AF83-2BF41A1E2F73}.Release|x86.Build.0 = Release|x86
	EndGlobalSection
	GlobalSection(SolutionProperties) = preSolution
		HideSolutionNode = FALSE
	EndGlobalSection
EndGlobal
